
Microsoft Visual Studio Solution File, Format Version 12.00
# Visual Studio Version 17
VisualStudioVersion = 17.3.32929.385
MinimumVisualStudioVersion = 10.0.40219.1
Project("{FAE04EC0-301F-11D3-BF4B-00C04F79EFBC}") = "Task1", "Task1\Task1.csproj", "{ED84AC6D-71CF-4B54-8874-F0E05C91BDE3}"
EndProject
Global
	GlobalSection(SolutionConfigurationPlatforms) = preSolution
		Debug|Any CPU = Debug|Any CPU
		Release|Any CPU = Release|Any CPU
	EndGlobalSection
	GlobalSection(ProjectConfigurationPlatforms) = postSolution
		{ED84AC6D-71CF-4B54-8874-F0E05C91BDE3}.Debug|Any CPU.ActiveCfg = Debug|Any CPU
		{ED84AC6D-71CF-4B54-8874-F0E05C91BDE3}.Debug|Any CPU.Build.0 = Debug|Any CPU
		{ED84AC6D-71CF-4B54-8874-F0E05C91BDE3}.Release|Any CPU.ActiveCfg = Release|Any CPU
		{ED84AC6D-71CF-4B54-8874-F0E05C91BDE3}.Release|Any CPU.Build.0 = Release|Any CPU
	EndGlobalSection
	GlobalSection(SolutionProperties) = preSolution
		HideSolutionNode = FALSE
	EndGlobalSection
	GlobalSection(ExtensibilityGlobals) = postSolution
		SolutionGuid = {0729F10E-C581-41BB-8641-901F91B03496}
	EndGlobalSection
EndGlobal
